
Microsoft Visual Studio Solution File, Format Version 12.00
# Visual Studio 15
VisualStudioVersion = 15.0.27130.2027
MinimumVisualStudioVersion = 10.0.40219.1
Project("{9A19103F-16F7-4668-BE54-9A1E7A4F7556}") = "LoadTesting", "LoadTesting.csproj", "{B7A3554F-1F1F-4717-B8EF-289CFC3B4447}"
EndProject
Global
	GlobalSection(SolutionConfigurationPlatforms) = preSolution
		Debug|Any CPU = Debug|Any CPU
		Release|Any CPU = Release|Any CPU
	EndGlobalSection
	GlobalSection(ProjectConfigurationPlatforms) = postSolution
		{B7A3554F-1F1F-4717-B8EF-289CFC3B4447}.Debug|Any CPU.ActiveCfg = Debug|Any CPU
		{B7A3554F-1F1F-4717-B8EF-289CFC3B4447}.Debug|Any CPU.Build.0 = Debug|Any CPU
		{B7A3554F-1F1F-4717-B8EF-289CFC3B4447}.Release|Any CPU.ActiveCfg = Release|Any CPU
		{B7A3554F-1F1F-4717-B8EF-289CFC3B4447}.Release|Any CPU.Build.0 = Release|Any CPU
	EndGlobalSection
	GlobalSection(SolutionProperties) = preSolution
		HideSolutionNode = FALSE
	EndGlobalSection
	GlobalSection(ExtensibilityGlobals) = postSolution
		SolutionGuid = {903C3AA2-6365-444B-944B-BB5DED3F9048}
	EndGlobalSection
EndGlobal
